{
  "originHash" : "883b776e1375134c9b148e25a5462632cd47462e11f9f64c63288752cc0c3f55",
  "pins" : [
    {
      "identity" : "bdk-swift",
      "kind" : "remoteSourceControl",
      "location" : "https://github.com/bitcoindevkit/bdk-swift",
      "state" : {
        "revision" : "5bc9c3cddf203f6aa147d77364782bf095e4f84e",
        "version" : "3.0.0"
      }
    }
  ],
  "version" : 3
}
